# generated by rye
# use `rye lock` or `rye sync` to update this lockfile
#
# last locked with the following flags:
#   pre: false
#   features: []
#   all-features: false
#   with-sources: false

-e file:.
click==8.1.7
    # via mandelbulbvariationsgenerator
glcontext==2.5.0
    # via moderngl
moderngl==5.9.0
    # via mandelbulbvariationsgenerator
numpy==1.24.4
    # via mandelbulbvariationsgenerator
pillow==10.1.0
    # via mandelbulbvariationsgenerator
