# generated by rye
# use `rye lock` or `rye sync` to update this lockfile
#
# last locked with the following flags:
#   pre: false
#   features: []
#   all-features: false
#   with-sources: false

-e file:.
black==23.11.0
click==8.1.7
    # via black
    # via mandelbulbvariationsgenerator
glcontext==2.5.0
    # via moderngl
moderngl==5.9.0
    # via mandelbulbvariationsgenerator
mypy-extensions==1.0.0
    # via black
numpy==1.24.4
    # via mandelbulbvariationsgenerator
packaging==23.2
    # via black
pathspec==0.11.2
    # via black
pillow==10.1.0
    # via mandelbulbvariationsgenerator
platformdirs==4.0.0
    # via black
ruff==0.1.6
tomli==2.0.1
    # via black
typing-extensions==4.8.0
    # via black
